{
  "name": "plugin",
  "version": "1.0.0",
  "lockfileVersion": 1,
  "requires": true,
  "dependencies": {
    "@fortawesome/fontawesome-free": {
      "version": "5.15.1",
      "resolved": "https://registry.npmjs.org/@fortawesome/fontawesome-free/-/fontawesome-free-5.15.1.tgz",
      "integrity": "sha512-OEdH7SyC1suTdhBGW91/zBfR6qaIhThbcN8PUXtXilY4GYnSBbVqOntdHbC1vXwsDnX0Qix2m2+DSU1J51ybOQ=="
    },
    "async": {
      "version": "3.2.0",
      "resolved": "https://registry.npmjs.org/async/-/async-3.2.0.tgz",
      "integrity": "sha512-TR2mEZFVOj2pLStYxLht7TyfuRzaydfpxr3k9RpHIzMgw7A64dzsdqCxH1WJyQdoe8T10nDXd9wnEigmiuHIZw=="
    },
    "bootstrap": {
      "version": "4.5.3",
      "resolved": "https://registry.npmjs.org/bootstrap/-/bootstrap-4.5.3.tgz",
      "integrity": "sha512-o9ppKQioXGqhw8Z7mah6KdTYpNQY//tipnkxppWhPbiSWdD+1raYsnhwEZjkTHYbGee4cVQ0Rx65EhOY/HNLcQ=="
    },
    "ckeditor4": {
      "version": "4.15.0",
      "resolved": "https://registry.npmjs.org/ckeditor4/-/ckeditor4-4.15.0.tgz",
      "integrity": "sha512-OhL3gqCU2JjulhyrF24LlwLKIZ/CO5sPoiHRdDwihRkz9FOeZQnL+iMa0q/zxXY/jt1R+MxDvt4/6uiQk663hQ=="
    },
    "ckeditor5": {
      "version": "23.0.0",
      "resolved": "https://registry.npmjs.org/ckeditor5/-/ckeditor5-23.0.0.tgz",
      "integrity": "sha512-F0asuKeEFiJwlP1if1SrXE3TmSgO+cvof1rgG3NDXdMr+9RtJVCs+dnYClYqzc7fuqBjPFzw8n7hTZv9j8FdHw=="
    },
    "form": {
      "version": "0.2.4",
      "resolved": "https://registry.npmjs.org/form/-/form-0.2.4.tgz",
      "integrity": "sha1-aaDpv5AD59bk7uf50WI5FIoSmiE=",
      "requires": {
        "async": ">= 0.1.22",
        "validator": ">= 0.4.9"
      }
    },
    "jquery": {
      "version": "3.5.1",
      "resolved": "https://registry.npmjs.org/jquery/-/jquery-3.5.1.tgz",
      "integrity": "sha512-XwIBPqcMn57FxfT+Go5pzySnm4KWkT1Tv7gjrpT1srtf8Weynl6R273VJ5GjkRb51IzMp5nbaPjJXMWeju2MKg=="
    },
    "jquery-autocomplete": {
      "version": "1.2.8",
      "resolved": "https://registry.npmjs.org/jquery-autocomplete/-/jquery-autocomplete-1.2.8.tgz",
      "integrity": "sha512-dbpkpEglcOnNH6NJPe8NUm4cTBsuyf33xk2Rr69o1ki93XxnKph3HNjEOff/oo+SLKMJQyxO7pQ6ACL2ZrA4JQ=="
    },
    "jquery-file-upload": {
      "version": "4.0.11",
      "resolved": "https://registry.npmjs.org/jquery-file-upload/-/jquery-file-upload-4.0.11.tgz",
      "integrity": "sha1-hA10r5V5HT34Ry1HrIA3NMYfMvs=",
      "requires": {
        "form": "^0.2.4",
        "jquery": ">=1.6"
      }
    },
    "jquery-slimscroll": {
      "version": "1.3.8",
      "resolved": "https://registry.npmjs.org/jquery-slimscroll/-/jquery-slimscroll-1.3.8.tgz",
      "integrity": "sha1-hIHETnpHaHZTkIoo9/cK7WTITjY=",
      "requires": {
        "jquery": ">= 1.7"
      }
    },
    "jquery-ui-dist": {
      "version": "1.12.1",
      "resolved": "https://registry.npmjs.org/jquery-ui-dist/-/jquery-ui-dist-1.12.1.tgz",
      "integrity": "sha1-XAgV08xvkP9fqvWyaKbiO0ypBPo="
    },
    "jquery-ui-themes": {
      "version": "1.12.0",
      "resolved": "https://registry.npmjs.org/jquery-ui-themes/-/jquery-ui-themes-1.12.0.tgz",
      "integrity": "sha1-pXugrZaADYRSL+dok//L3mcIHVE="
    },
    "labelauty": {
      "version": "1.1.3",
      "resolved": "https://registry.npmjs.org/labelauty/-/labelauty-1.1.3.tgz",
      "integrity": "sha512-Gs/ngWo1gseFTbMSL+Iu4j+MWujc3F5ktsvYYo90Yjr+cIqfR9HIhFAXU95r/3tmvj9huz1s/C4U8KVzTF1ftQ==",
      "requires": {
        "jquery": ">=1.10.2"
      }
    },
    "layerui": {
      "version": "3.1.1",
      "resolved": "https://registry.npmjs.org/layerui/-/layerui-3.1.1.tgz",
      "integrity": "sha512-G68ky+xf6cGP01nviOH3+6XznK7kPX+5xSGsVE0MZW75Ud1Wdi211nsjXYeoNF5bo3R9AY6ya7s1kRrUKwah7A=="
    },
    "lazyload": {
      "version": "2.0.0-rc.2",
      "resolved": "https://registry.npmjs.org/lazyload/-/lazyload-2.0.0-rc.2.tgz",
      "integrity": "sha512-v3OKwYrKHX09eAyeAmkpvVCF5qWZo8rxERT9AVOUFaRwlTIuCyMYVBfHYSra1uyBdKDEHnUkvpZTLgNWI9Y7lA=="
    },
    "npm-modernizr": {
      "version": "2.8.3",
      "resolved": "https://registry.npmjs.org/npm-modernizr/-/npm-modernizr-2.8.3.tgz",
      "integrity": "sha1-9q4SES+q49Fz6n6KRf2oDnqII+0="
    },
    "owl.carousel": {
      "version": "2.3.4",
      "resolved": "https://registry.npmjs.org/owl.carousel/-/owl.carousel-2.3.4.tgz",
      "integrity": "sha512-JaDss9+feAvEW8KZppPSpllfposEzQiW+Ytt/Xm5t/3CTJ7YVmkh6RkWixoA2yXk2boIwedYxOvrrppIGzru9A==",
      "requires": {
        "jquery": ">=1.8.3"
      }
    },
    "slider-pro": {
      "version": "1.5.0",
      "resolved": "https://registry.npmjs.org/slider-pro/-/slider-pro-1.5.0.tgz",
      "integrity": "sha512-uzsQdZecJ5a33MXvxIo4nvhkYtmRZhaxXDbTl/FIJxPkApriZF/kAV51PI15i2YocxWERei27VjvP12OST2srg=="
    },
    "slim-scroll": {
      "version": "1.3.18",
      "resolved": "https://registry.npmjs.org/slim-scroll/-/slim-scroll-1.3.18.tgz",
      "integrity": "sha1-2C1d5oeMoqp9qHiH9VQ+ktZklaQ="
    },
    "validator": {
      "version": "13.1.17",
      "resolved": "https://registry.npmjs.org/validator/-/validator-13.1.17.tgz",
      "integrity": "sha512-zL5QBoemJ3jYFb2/j38y7ljhwYGXVLUp8H6W1nVxadnAOvUOytec+L7BHh1oBQ82/TzWXHd+GSaxUWp4lROkLg=="
    }
  }
}
