{
    "requires": true,
    "lockfileVersion": 1,
    "dependencies": {
        "layerui": {
            "version": "3.1.1",
            "resolved": "https://registry.npmjs.org/layerui/-/layerui-3.1.1.tgz",
            "integrity": "sha512-G68ky+xf6cGP01nviOH3+6XznK7kPX+5xSGsVE0MZW75Ud1Wdi211nsjXYeoNF5bo3R9AY6ya7s1kRrUKwah7A=="
        }
    }
}
